
Microsoft Visual Studio Solution File, Format Version 12.00
# Visual Studio Version 16
VisualStudioVersion = 16.0.31320.298
MinimumVisualStudioVersion = 10.0.40219.1
Project("{9A19103F-16F7-4668-BE54-9A1E7A4F7556}") = "KubernetesApi", "KubernetesApi.csproj", "{70CB733B-CE7D-4FD1-801D-207025C4DC8F}"
EndProject
Global
	GlobalSection(SolutionConfigurationPlatforms) = preSolution
		Debug|Any CPU = Debug|Any CPU
		Release|Any CPU = Release|Any CPU
	EndGlobalSection
	GlobalSection(ProjectConfigurationPlatforms) = postSolution
		{70CB733B-CE7D-4FD1-801D-207025C4DC8F}.Debug|Any CPU.ActiveCfg = Debug|Any CPU
		{70CB733B-CE7D-4FD1-801D-207025C4DC8F}.Debug|Any CPU.Build.0 = Debug|Any CPU
		{70CB733B-CE7D-4FD1-801D-207025C4DC8F}.Release|Any CPU.ActiveCfg = Release|Any CPU
		{70CB733B-CE7D-4FD1-801D-207025C4DC8F}.Release|Any CPU.Build.0 = Release|Any CPU
	EndGlobalSection
	GlobalSection(SolutionProperties) = preSolution
		HideSolutionNode = FALSE
	EndGlobalSection
	GlobalSection(ExtensibilityGlobals) = postSolution
		SolutionGuid = {40F409EB-9DFC-469F-8C69-0D5AB806D947}
	EndGlobalSection
EndGlobal
